
Microsoft Visual Studio Solution File, Format Version 12.00
# Visual Studio Version 16
VisualStudioVersion = 16.0.33801.447
MinimumVisualStudioVersion = 10.0.40219.1
Project("{FAE04EC0-301F-11D3-BF4B-00C04F79EFBC}") = "Lambda Expression Assignment", "Lambda Expression Assignment\Lambda Expression Assignment.csproj", "{3338D3C1-2F59-4045-829D-98E392D2D1DB}"
EndProject
Global
	GlobalSection(SolutionConfigurationPlatforms) = preSolution
		Debug|Any CPU = Debug|Any CPU
		Release|Any CPU = Release|Any CPU
	EndGlobalSection
	GlobalSection(ProjectConfigurationPlatforms) = postSolution
		{3338D3C1-2F59-4045-829D-98E392D2D1DB}.Debug|Any CPU.ActiveCfg = Debug|Any CPU
		{3338D3C1-2F59-4045-829D-98E392D2D1DB}.Debug|Any CPU.Build.0 = Debug|Any CPU
		{3338D3C1-2F59-4045-829D-98E392D2D1DB}.Release|Any CPU.ActiveCfg = Release|Any CPU
		{3338D3C1-2F59-4045-829D-98E392D2D1DB}.Release|Any CPU.Build.0 = Release|Any CPU
	EndGlobalSection
	GlobalSection(SolutionProperties) = preSolution
		HideSolutionNode = FALSE
	EndGlobalSection
	GlobalSection(ExtensibilityGlobals) = postSolution
		SolutionGuid = {9D93386E-E952-4477-A2F5-E7288C87EF04}
	EndGlobalSection
EndGlobal
