
Microsoft Visual Studio Solution File, Format Version 12.00
# Visual Studio Version 16
VisualStudioVersion = 16.0.33801.447
MinimumVisualStudioVersion = 10.0.40219.1
Project("{FAE04EC0-301F-11D3-BF4B-00C04F79EFBC}") = "ClassesAndObjects", "ClassesAndObjects\ClassesAndObjects.csproj", "{007D8614-B3DC-472D-92B8-23A602EF878B}"
EndProject
Global
	GlobalSection(SolutionConfigurationPlatforms) = preSolution
		Debug|Any CPU = Debug|Any CPU
		Release|Any CPU = Release|Any CPU
	EndGlobalSection
	GlobalSection(ProjectConfigurationPlatforms) = postSolution
		{007D8614-B3DC-472D-92B8-23A602EF878B}.Debug|Any CPU.ActiveCfg = Debug|Any CPU
		{007D8614-B3DC-472D-92B8-23A602EF878B}.Debug|Any CPU.Build.0 = Debug|Any CPU
		{007D8614-B3DC-472D-92B8-23A602EF878B}.Release|Any CPU.ActiveCfg = Release|Any CPU
		{007D8614-B3DC-472D-92B8-23A602EF878B}.Release|Any CPU.Build.0 = Release|Any CPU
	EndGlobalSection
	GlobalSection(SolutionProperties) = preSolution
		HideSolutionNode = FALSE
	EndGlobalSection
	GlobalSection(ExtensibilityGlobals) = postSolution
		SolutionGuid = {12609EEE-E7E9-49E0-9B84-00F10579942F}
	EndGlobalSection
EndGlobal
