
Microsoft Visual Studio Solution File, Format Version 12.00
# Visual Studio Version 16
VisualStudioVersion = 16.0.33801.447
MinimumVisualStudioVersion = 10.0.40219.1
Project("{FAE04EC0-301F-11D3-BF4B-00C04F79EFBC}") = "MVCTutorial1", "MVCTutorial1\MVCTutorial1.csproj", "{FA9F1F19-1AAF-4281-9A7C-5F2196A9BC33}"
EndProject
Global
	GlobalSection(SolutionConfigurationPlatforms) = preSolution
		Debug|Any CPU = Debug|Any CPU
		Release|Any CPU = Release|Any CPU
	EndGlobalSection
	GlobalSection(ProjectConfigurationPlatforms) = postSolution
		{FA9F1F19-1AAF-4281-9A7C-5F2196A9BC33}.Debug|Any CPU.ActiveCfg = Debug|Any CPU
		{FA9F1F19-1AAF-4281-9A7C-5F2196A9BC33}.Debug|Any CPU.Build.0 = Debug|Any CPU
		{FA9F1F19-1AAF-4281-9A7C-5F2196A9BC33}.Release|Any CPU.ActiveCfg = Release|Any CPU
		{FA9F1F19-1AAF-4281-9A7C-5F2196A9BC33}.Release|Any CPU.Build.0 = Release|Any CPU
	EndGlobalSection
	GlobalSection(SolutionProperties) = preSolution
		HideSolutionNode = FALSE
	EndGlobalSection
	GlobalSection(ExtensibilityGlobals) = postSolution
		SolutionGuid = {7CDF83AB-3E9C-4C4D-A4BF-8A480A9F3AA7}
	EndGlobalSection
EndGlobal
