
Microsoft Visual Studio Solution File, Format Version 12.00
# Visual Studio Version 16
VisualStudioVersion = 16.0.33801.447
MinimumVisualStudioVersion = 10.0.40219.1
Project("{FAE04EC0-301F-11D3-BF4B-00C04F79EFBC}") = "Loops", "Loops\Loops.csproj", "{4320AC94-726D-476B-B059-9AFEE23CD6BB}"
EndProject
Global
	GlobalSection(SolutionConfigurationPlatforms) = preSolution
		Debug|Any CPU = Debug|Any CPU
		Release|Any CPU = Release|Any CPU
	EndGlobalSection
	GlobalSection(ProjectConfigurationPlatforms) = postSolution
		{4320AC94-726D-476B-B059-9AFEE23CD6BB}.Debug|Any CPU.ActiveCfg = Debug|Any CPU
		{4320AC94-726D-476B-B059-9AFEE23CD6BB}.Debug|Any CPU.Build.0 = Debug|Any CPU
		{4320AC94-726D-476B-B059-9AFEE23CD6BB}.Release|Any CPU.ActiveCfg = Release|Any CPU
		{4320AC94-726D-476B-B059-9AFEE23CD6BB}.Release|Any CPU.Build.0 = Release|Any CPU
	EndGlobalSection
	GlobalSection(SolutionProperties) = preSolution
		HideSolutionNode = FALSE
	EndGlobalSection
	GlobalSection(ExtensibilityGlobals) = postSolution
		SolutionGuid = {CCFF523F-8E41-43AE-BCA8-3983D5F0187E}
	EndGlobalSection
EndGlobal
