
Microsoft Visual Studio Solution File, Format Version 12.00
# Visual Studio Version 16
VisualStudioVersion = 16.0.33801.447
MinimumVisualStudioVersion = 10.0.40219.1
Project("{FAE04EC0-301F-11D3-BF4B-00C04F79EFBC}") = "Method Class Assignment", "Method Class Assignment\Method Class Assignment.csproj", "{6C313904-2541-4347-94E5-D444471E716D}"
EndProject
Global
	GlobalSection(SolutionConfigurationPlatforms) = preSolution
		Debug|Any CPU = Debug|Any CPU
		Release|Any CPU = Release|Any CPU
	EndGlobalSection
	GlobalSection(ProjectConfigurationPlatforms) = postSolution
		{6C313904-2541-4347-94E5-D444471E716D}.Debug|Any CPU.ActiveCfg = Debug|Any CPU
		{6C313904-2541-4347-94E5-D444471E716D}.Debug|Any CPU.Build.0 = Debug|Any CPU
		{6C313904-2541-4347-94E5-D444471E716D}.Release|Any CPU.ActiveCfg = Release|Any CPU
		{6C313904-2541-4347-94E5-D444471E716D}.Release|Any CPU.Build.0 = Release|Any CPU
	EndGlobalSection
	GlobalSection(SolutionProperties) = preSolution
		HideSolutionNode = FALSE
	EndGlobalSection
	GlobalSection(ExtensibilityGlobals) = postSolution
		SolutionGuid = {D35715AA-099F-414F-8042-BB53843BD72F}
	EndGlobalSection
EndGlobal
