
Microsoft Visual Studio Solution File, Format Version 12.00
# Visual Studio Version 16
VisualStudioVersion = 16.0.33801.447
MinimumVisualStudioVersion = 10.0.40219.1
Project("{FAE04EC0-301F-11D3-BF4B-00C04F79EFBC}") = "Package Express", "Package Express\Package Express.csproj", "{9C1B899F-CEA0-4A93-826E-6820278E758A}"
EndProject
Global
	GlobalSection(SolutionConfigurationPlatforms) = preSolution
		Debug|Any CPU = Debug|Any CPU
		Release|Any CPU = Release|Any CPU
	EndGlobalSection
	GlobalSection(ProjectConfigurationPlatforms) = postSolution
		{9C1B899F-CEA0-4A93-826E-6820278E758A}.Debug|Any CPU.ActiveCfg = Debug|Any CPU
		{9C1B899F-CEA0-4A93-826E-6820278E758A}.Debug|Any CPU.Build.0 = Debug|Any CPU
		{9C1B899F-CEA0-4A93-826E-6820278E758A}.Release|Any CPU.ActiveCfg = Release|Any CPU
		{9C1B899F-CEA0-4A93-826E-6820278E758A}.Release|Any CPU.Build.0 = Release|Any CPU
	EndGlobalSection
	GlobalSection(SolutionProperties) = preSolution
		HideSolutionNode = FALSE
	EndGlobalSection
	GlobalSection(ExtensibilityGlobals) = postSolution
		SolutionGuid = {4AEF6589-ADC7-48A0-9BF0-1676EF29886B}
	EndGlobalSection
EndGlobal
