
Microsoft Visual Studio Solution File, Format Version 12.00
# Visual Studio Version 16
VisualStudioVersion = 16.0.33801.447
MinimumVisualStudioVersion = 10.0.40219.1
Project("{FAE04EC0-301F-11D3-BF4B-00C04F79EFBC}") = "Input Assignment", "Input Assignment\Input Assignment.csproj", "{66AADD6C-AF2C-46DA-ABD0-D431CCE24778}"
EndProject
Global
	GlobalSection(SolutionConfigurationPlatforms) = preSolution
		Debug|Any CPU = Debug|Any CPU
		Release|Any CPU = Release|Any CPU
	EndGlobalSection
	GlobalSection(ProjectConfigurationPlatforms) = postSolution
		{66AADD6C-AF2C-46DA-ABD0-D431CCE24778}.Debug|Any CPU.ActiveCfg = Debug|Any CPU
		{66AADD6C-AF2C-46DA-ABD0-D431CCE24778}.Debug|Any CPU.Build.0 = Debug|Any CPU
		{66AADD6C-AF2C-46DA-ABD0-D431CCE24778}.Release|Any CPU.ActiveCfg = Release|Any CPU
		{66AADD6C-AF2C-46DA-ABD0-D431CCE24778}.Release|Any CPU.Build.0 = Release|Any CPU
	EndGlobalSection
	GlobalSection(SolutionProperties) = preSolution
		HideSolutionNode = FALSE
	EndGlobalSection
	GlobalSection(ExtensibilityGlobals) = postSolution
		SolutionGuid = {29733C48-3CCA-4F48-8155-70429F3CDF81}
	EndGlobalSection
EndGlobal
